// !$*UTF8*$!
{
	archiveVersion = 1;
	classes = {
	};
	objectVersion = 46;
	objects = {

/* Begin PBXBuildFile section */
		DEDB3B081B3AAD9A00CA6798 /* ScissorSaver.swift in Sources */ = {isa = PBXBuildFile; fileRef = DEDB3B071B3AAD9A00CA6798 /* ScissorSaver.swift */; };
/* End PBXBuildFile section */

/* Begin PBXFileReference section */
		DEDB3AF71B3AAA7A00CA6798 /* Scissors.saver */ = {isa = PBXFileReference; explicitFileType = wrapper.cfbundle; includeInIndex = 0; path = Scissors.saver; sourceTree = BUILT_PRODUCTS_DIR; };
		DEDB3AFB1B3AAA7A00CA6798 /* Info.plist */ = {isa = PBXFileReference; lastKnownFileType = text.plist.xml; path = Info.plist; sourceTree = "<group>"; };
		DEDB3B061B3AAD9A00CA6798 /* Scissors-Bridging-Header.h */ = {isa = PBXFileReference; lastKnownFileType = sourcecode.c.h; path = "Scissors-Bridging-Header.h"; sourceTree = "<group>"; };
		DEDB3B071B3AAD9A00CA6798 /* ScissorSaver.swift */ = {isa = PBXFileReference; fileEncoding = 4; lastKnownFileType = sourcecode.swift; path = ScissorSaver.swift; sourceTree = "<group>"; };
		DEDB3B241B3AC5D900CA6798 /* ScreenSaver.framework */ = {isa = PBXFileReference; lastKnownFileType = wrapper.framework; name = ScreenSaver.framework; path = System/Library/Frameworks/ScreenSaver.framework; sourceTree = SDKROOT; };
		DEDF62661B3FC6BF000D4B5C /* Cocoa.framework */ = {isa = PBXFileReference; lastKnownFileType = wrapper.framework; name = Cocoa.framework; path = System/Library/Frameworks/Cocoa.framework; sourceTree = SDKROOT; };
/* End PBXFileReference section */

/* Begin PBXFrameworksBuildPhase section */
		DEDB3AF31B3AAA7A00CA6798 /* Frameworks */ = {
			isa = PBXFrameworksBuildPhase;
			buildActionMask = 2147483647;
			files = (
			);
			runOnlyForDeploymentPostprocessing = 0;
		};
/* End PBXFrameworksBuildPhase section */

/* Begin PBXGroup section */
		DEDB3AED1B3AAA7A00CA6798 = {
			isa = PBXGroup;
			children = (
				DEDF62661B3FC6BF000D4B5C /* Cocoa.framework */,
				DEDB3B241B3AC5D900CA6798 /* ScreenSaver.framework */,
				DEDB3AF91B3AAA7A00CA6798 /* Scissors */,
				DEDB3AF81B3AAA7A00CA6798 /* Products */,
			);
			sourceTree = "<group>";
		};
		DEDB3AF81B3AAA7A00CA6798 /* Products */ = {
			isa = PBXGroup;
			children = (
				DEDB3AF71B3AAA7A00CA6798 /* Scissors.saver */,
			);
			name = Products;
			sourceTree = "<group>";
		};
		DEDB3AF91B3AAA7A00CA6798 /* Scissors */ = {
			isa = PBXGroup;
			children = (
				DEDB3AFA1B3AAA7A00CA6798 /* Supporting Files */,
				DEDB3B071B3AAD9A00CA6798 /* ScissorSaver.swift */,
				DEDB3B061B3AAD9A00CA6798 /* Scissors-Bridging-Header.h */,
			);
			path = Scissors;
			sourceTree = "<group>";
		};
		DEDB3AFA1B3AAA7A00CA6798 /* Supporting Files */ = {
			isa = PBXGroup;
			children = (
				DEDB3AFB1B3AAA7A00CA6798 /* Info.plist */,
			);
			name = "Supporting Files";
			sourceTree = "<group>";
		};
/* End PBXGroup section */

/* Begin PBXHeadersBuildPhase section */
		DEDB3AF41B3AAA7A00CA6798 /* Headers */ = {
			isa = PBXHeadersBuildPhase;
			buildActionMask = 2147483647;
			files = (
			);
			runOnlyForDeploymentPostprocessing = 0;
		};
/* End PBXHeadersBuildPhase section */

/* Begin PBXNativeTarget section */
		DEDB3AF61B3AAA7A00CA6798 /* Scissors */ = {
			isa = PBXNativeTarget;
			buildConfigurationList = DEDB3B021B3AAA7A00CA6798 /* Build configuration list for PBXNativeTarget "Scissors" */;
			buildPhases = (
				DEDB3AF21B3AAA7A00CA6798 /* Sources */,
				DEDB3AF31B3AAA7A00CA6798 /* Frameworks */,
				DEDB3AF41B3AAA7A00CA6798 /* Headers */,
				DEDB3AF51B3AAA7A00CA6798 /* Resources */,
				DEDB3B281B3AC76200CA6798 /* ShellScript */,
			);
			buildRules = (
			);
			dependencies = (
			);
			name = Scissors;
			productName = Scissors;
			productReference = DEDB3AF71B3AAA7A00CA6798 /* Scissors.saver */;
			productType = "com.apple.product-type.bundle";
		};
/* End PBXNativeTarget section */

/* Begin PBXProject section */
		DEDB3AEE1B3AAA7A00CA6798 /* Project object */ = {
			isa = PBXProject;
			attributes = {
				LastUpgradeCheck = 0630;
				ORGANIZATIONNAME = satcy;
				TargetAttributes = {
					DEDB3AF61B3AAA7A00CA6798 = {
						CreatedOnToolsVersion = 6.3.2;
					};
				};
			};
			buildConfigurationList = DEDB3AF11B3AAA7A00CA6798 /* Build configuration list for PBXProject "Scissors" */;
			compatibilityVersion = "Xcode 3.2";
			developmentRegion = English;
			hasScannedForEncodings = 0;
			knownRegions = (
				en,
			);
			mainGroup = DEDB3AED1B3AAA7A00CA6798;
			productRefGroup = DEDB3AF81B3AAA7A00CA6798 /* Products */;
			projectDirPath = "";
			projectRoot = "";
			targets = (
				DEDB3AF61B3AAA7A00CA6798 /* Scissors */,
			);
		};
/* End PBXProject section */

/* Begin PBXResourcesBuildPhase section */
		DEDB3AF51B3AAA7A00CA6798 /* Resources */ = {
			isa = PBXResourcesBuildPhase;
			buildActionMask = 2147483647;
			files = (
			);
			runOnlyForDeploymentPostprocessing = 0;
		};
/* End PBXResourcesBuildPhase section */

/* Begin PBXShellScriptBuildPhase section */
		DEDB3B281B3AC76200CA6798 /* ShellScript */ = {
			isa = PBXShellScriptBuildPhase;
			buildActionMask = 2147483647;
			files = (
			);
			inputPaths = (
			);
			outputPaths = (
			);
			runOnlyForDeploymentPostprocessing = 0;
			shellPath = /bin/sh;
			shellScript = "open -W \"${CODESIGNING_FOLDER_PATH}\"";
		};
/* End PBXShellScriptBuildPhase section */

/* Begin PBXSourcesBuildPhase section */
		DEDB3AF21B3AAA7A00CA6798 /* Sources */ = {
			isa = PBXSourcesBuildPhase;
			buildActionMask = 2147483647;
			files = (
				DEDB3B081B3AAD9A00CA6798 /* ScissorSaver.swift in Sources */,
			);
			runOnlyForDeploymentPostprocessing = 0;
		};
/* End PBXSourcesBuildPhase section */

/* Begin XCBuildConfiguration section */
		DEDB3B001B3AAA7A00CA6798 /* Debug */ = {
			isa = XCBuildConfiguration;
			buildSettings = {
				ALWAYS_SEARCH_USER_PATHS = NO;
				CLANG_CXX_LANGUAGE_STANDARD = "gnu++0x";
				CLANG_CXX_LIBRARY = "libc++";
				CLANG_ENABLE_MODULES = YES;
				CLANG_ENABLE_OBJC_ARC = YES;
				CLANG_WARN_BOOL_CONVERSION = YES;
				CLANG_WARN_CONSTANT_CONVERSION = YES;
				CLANG_WARN_DIRECT_OBJC_ISA_USAGE = YES_ERROR;
				CLANG_WARN_EMPTY_BODY = YES;
				CLANG_WARN_ENUM_CONVERSION = YES;
				CLANG_WARN_INT_CONVERSION = YES;
				CLANG_WARN_OBJC_ROOT_CLASS = YES_ERROR;
				CLANG_WARN_UNREACHABLE_CODE = YES;
				CLANG_WARN__DUPLICATE_METHOD_MATCH = YES;
				COPY_PHASE_STRIP = NO;
				DEBUG_INFORMATION_FORMAT = dwarf;
				ENABLE_STRICT_OBJC_MSGSEND = YES;
				GCC_C_LANGUAGE_STANDARD = gnu99;
				GCC_DYNAMIC_NO_PIC = NO;
				GCC_NO_COMMON_BLOCKS = YES;
				GCC_OPTIMIZATION_LEVEL = 0;
				GCC_PREPROCESSOR_DEFINITIONS = (
					"DEBUG=1",
					"$(inherited)",
				);
				GCC_SYMBOLS_PRIVATE_EXTERN = NO;
				GCC_WARN_64_TO_32_BIT_CONVERSION = YES;
				GCC_WARN_ABOUT_RETURN_TYPE = YES_ERROR;
				GCC_WARN_UNDECLARED_SELECTOR = YES;
				GCC_WARN_UNINITIALIZED_AUTOS = YES_AGGRESSIVE;
				GCC_WARN_UNUSED_FUNCTION = YES;
				GCC_WARN_UNUSED_VARIABLE = YES;
				MACOSX_DEPLOYMENT_TARGET = 10.10;
				MTL_ENABLE_DEBUG_INFO = YES;
				ONLY_ACTIVE_ARCH = YES;
				SDKROOT = macosx;
			};
			name = Debug;
		};
		DEDB3B011B3AAA7A00CA6798 /* Release */ = {
			isa = XCBuildConfiguration;
			buildSettings = {
				ALWAYS_SEARCH_USER_PATHS = NO;
				CLANG_CXX_LANGUAGE_STANDARD = "gnu++0x";
				CLANG_CXX_LIBRARY = "libc++";
				CLANG_ENABLE_MODULES = YES;
				CLANG_ENABLE_OBJC_ARC = YES;
				CLANG_WARN_BOOL_CONVERSION = YES;
				CLANG_WARN_CONSTANT_CONVERSION = YES;
				CLANG_WARN_DIRECT_OBJC_ISA_USAGE = YES_ERROR;
				CLANG_WARN_EMPTY_BODY = YES;
				CLANG_WARN_ENUM_CONVERSION = YES;
				CLANG_WARN_INT_CONVERSION = YES;
				CLANG_WARN_OBJC_ROOT_CLASS = YES_ERROR;
				CLANG_WARN_UNREACHABLE_CODE = YES;
				CLANG_WARN__DUPLICATE_METHOD_MATCH = YES;
				COPY_PHASE_STRIP = NO;
				DEBUG_INFORMATION_FORMAT = "dwarf-with-dsym";
				ENABLE_NS_ASSERTIONS = NO;
				ENABLE_STRICT_OBJC_MSGSEND = YES;
				GCC_C_LANGUAGE_STANDARD = gnu99;
				GCC_NO_COMMON_BLOCKS = YES;
				GCC_WARN_64_TO_32_BIT_CONVERSION = YES;
				GCC_WARN_ABOUT_RETURN_TYPE = YES_ERROR;
				GCC_WARN_UNDECLARED_SELECTOR = YES;
				GCC_WARN_UNINITIALIZED_AUTOS = YES_AGGRESSIVE;
				GCC_WARN_UNUSED_FUNCTION = YES;
				GCC_WARN_UNUSED_VARIABLE = YES;
				MACOSX_DEPLOYMENT_TARGET = 10.10;
				MTL_ENABLE_DEBUG_INFO = NO;
				SDKROOT = macosx;
			};
			name = Release;
		};
		DEDB3B031B3AAA7A00CA6798 /* Debug */ = {
			isa = XCBuildConfiguration;
			buildSettings = {
				CLANG_ENABLE_MODULES = YES;
				COMBINE_HIDPI_IMAGES = YES;
				EMBEDDED_CONTENT_CONTAINS_SWIFT = YES;
				INFOPLIST_FILE = Scissors/Info.plist;
				INSTALL_PATH = "$(HOME)/Library/Screen Savers";
				LD_RUNPATH_SEARCH_PATHS = "$(inherited) @executable_path/../Frameworks @loader_path/../Frameworks";
				MACOSX_DEPLOYMENT_TARGET = 10.9;
				PRODUCT_NAME = "$(TARGET_NAME)";
				SDKROOT = macosx;
				SWIFT_OBJC_BRIDGING_HEADER = "Scissors/Scissors-Bridging-Header.h";
				SWIFT_OPTIMIZATION_LEVEL = "-Onone";
				WRAPPER_EXTENSION = saver;
			};
			name = Debug;
		};
		DEDB3B041B3AAA7A00CA6798 /* Release */ = {
			isa = XCBuildConfiguration;
			buildSettings = {
				CLANG_ENABLE_MODULES = YES;
				COMBINE_HIDPI_IMAGES = YES;
				EMBEDDED_CONTENT_CONTAINS_SWIFT = YES;
				INFOPLIST_FILE = Scissors/Info.plist;
				INSTALL_PATH = "$(HOME)/Library/Screen Savers";
				LD_RUNPATH_SEARCH_PATHS = "$(inherited) @executable_path/../Frameworks @loader_path/../Frameworks";
				MACOSX_DEPLOYMENT_TARGET = 10.9;
				PRODUCT_NAME = "$(TARGET_NAME)";
				SDKROOT = macosx;
				SWIFT_OBJC_BRIDGING_HEADER = "Scissors/Scissors-Bridging-Header.h";
				WRAPPER_EXTENSION = saver;
			};
			name = Release;
		};
/* End XCBuildConfiguration section */

/* Begin XCConfigurationList section */
		DEDB3AF11B3AAA7A00CA6798 /* Build configuration list for PBXProject "Scissors" */ = {
			isa = XCConfigurationList;
			buildConfigurations = (
				DEDB3B001B3AAA7A00CA6798 /* Debug */,
				DEDB3B011B3AAA7A00CA6798 /* Release */,
			);
			defaultConfigurationIsVisible = 0;
			defaultConfigurationName = Release;
		};
		DEDB3B021B3AAA7A00CA6798 /* Build configuration list for PBXNativeTarget "Scissors" */ = {
			isa = XCConfigurationList;
			buildConfigurations = (
				DEDB3B031B3AAA7A00CA6798 /* Debug */,
				DEDB3B041B3AAA7A00CA6798 /* Release */,
			);
			defaultConfigurationIsVisible = 0;
			defaultConfigurationName = Release;
		};
/* End XCConfigurationList section */
	};
	rootObject = DEDB3AEE1B3AAA7A00CA6798 /* Project object */;
}
